
Microsoft Visual Studio Solution File, Format Version 12.00
# Visual Studio Version 18
VisualStudioVersion = 18.5.11716.220
MinimumVisualStudioVersion = 10.0.40219.1
Project("{FAE04EC0-301F-11D3-BF4B-00C04F79EFBC}") = "OneFinder", "OneFinder\OneFinder.csproj", "{A1B2C3D4-E5F6-7890-ABCD-EF1234567890}"
EndProject
Project("{FAE04EC0-301F-11D3-BF4B-00C04F79EFBC}") = "OneFinder.AddIn", "OneFinder.AddIn\OneFinder.AddIn.csproj", "{B033795E-13C1-401E-B436-FE923D78EC9C}"
EndProject
Global
	GlobalSection(SolutionConfigurationPlatforms) = preSolution
		Debug|x64 = Debug|x64
		Debug|Any CPU = Debug|Any CPU
		Debug|x86 = Debug|x86
		Release|x64 = Release|x64
		Release|Any CPU = Release|Any CPU
		Release|x86 = Release|x86
	EndGlobalSection
	GlobalSection(ProjectConfigurationPlatforms) = postSolution
		{A1B2C3D4-E5F6-7890-ABCD-EF1234567890}.Debug|x64.ActiveCfg = Debug|x64
		{A1B2C3D4-E5F6-7890-ABCD-EF1234567890}.Debug|x64.Build.0 = Debug|x64
		{A1B2C3D4-E5F6-7890-ABCD-EF1234567890}.Debug|Any CPU.ActiveCfg = Debug|Any CPU
		{A1B2C3D4-E5F6-7890-ABCD-EF1234567890}.Debug|Any CPU.Build.0 = Debug|Any CPU
		{A1B2C3D4-E5F6-7890-ABCD-EF1234567890}.Debug|x86.ActiveCfg = Debug|Any CPU
		{A1B2C3D4-E5F6-7890-ABCD-EF1234567890}.Debug|x86.Build.0 = Debug|Any CPU
		{A1B2C3D4-E5F6-7890-ABCD-EF1234567890}.Release|x64.ActiveCfg = Release|x64
		{A1B2C3D4-E5F6-7890-ABCD-EF1234567890}.Release|x64.Build.0 = Release|x64
		{A1B2C3D4-E5F6-7890-ABCD-EF1234567890}.Release|Any CPU.ActiveCfg = Release|Any CPU
		{A1B2C3D4-E5F6-7890-ABCD-EF1234567890}.Release|Any CPU.Build.0 = Release|Any CPU
		{A1B2C3D4-E5F6-7890-ABCD-EF1234567890}.Release|x86.ActiveCfg = Release|Any CPU
		{A1B2C3D4-E5F6-7890-ABCD-EF1234567890}.Release|x86.Build.0 = Release|Any CPU
		{B033795E-13C1-401E-B436-FE923D78EC9C}.Debug|x64.ActiveCfg = Debug|AnyCPU
		{B033795E-13C1-401E-B436-FE923D78EC9C}.Debug|x64.Build.0 = Debug|AnyCPU
		{B033795E-13C1-401E-B436-FE923D78EC9C}.Debug|Any CPU.ActiveCfg = Debug|AnyCPU
		{B033795E-13C1-401E-B436-FE923D78EC9C}.Debug|Any CPU.Build.0 = Debug|AnyCPU
		{B033795E-13C1-401E-B436-FE923D78EC9C}.Debug|x86.ActiveCfg = Debug|AnyCPU
		{B033795E-13C1-401E-B436-FE923D78EC9C}.Debug|x86.Build.0 = Debug|AnyCPU
		{B033795E-13C1-401E-B436-FE923D78EC9C}.Release|x64.ActiveCfg = Release|AnyCPU
		{B033795E-13C1-401E-B436-FE923D78EC9C}.Release|x64.Build.0 = Release|AnyCPU
		{B033795E-13C1-401E-B436-FE923D78EC9C}.Release|Any CPU.ActiveCfg = Release|AnyCPU
		{B033795E-13C1-401E-B436-FE923D78EC9C}.Release|Any CPU.Build.0 = Release|AnyCPU
		{B033795E-13C1-401E-B436-FE923D78EC9C}.Release|x86.ActiveCfg = Release|AnyCPU
		{B033795E-13C1-401E-B436-FE923D78EC9C}.Release|x86.Build.0 = Release|AnyCPU
	EndGlobalSection
	GlobalSection(SolutionProperties) = preSolution
		HideSolutionNode = FALSE
	EndGlobalSection
	GlobalSection(ExtensibilityGlobals) = postSolution
		SolutionGuid = {EC118395-4D02-453B-9E09-150AC6312B71}
	EndGlobalSection
EndGlobal
